{
  "name": "infotbm-client",
  "version": "0.0.0",
  "lockfileVersion": 1,
  "requires": true,
  "dependencies": {
    "@types/node": {
      "version": "12.7.2",
      "resolved": "https://npm.gamedb.xyz/@types%2fnode/-/node-12.7.2.tgz",
      "integrity": "sha512-dyYO+f6ihZEtNPDcWNR1fkoTDf3zAK3lAABDze3mz6POyIercH0lEUawUFXlG8xaQZmm1yEBON/4TsYv/laDYg=="
    },
    "arrayiffy-if-string": {
      "version": "3.11.10",
      "resolved": "https://npm.gamedb.xyz/arrayiffy-if-string/-/arrayiffy-if-string-3.11.10.tgz",
      "integrity": "sha512-FWMke9fd/bwCOWs9PCeVUGnY85gaUW9++ibcgrYRTjuMuSowYqAf/kAD6DqyS1xvKFHGB8ZVWCRtaj8laL/vQw=="
    },
    "ast-monkey-traverse": {
      "version": "1.11.33",
      "resolved": "https://npm.gamedb.xyz/ast-monkey-traverse/-/ast-monkey-traverse-1.11.33.tgz",
      "integrity": "sha512-iFneKOBrpP1FNdOXbZxnx4gGjMiH55kba9VX9hBUCHJFSPHslNW4/WYlysUKC5cGm1pQJXiq317EeuEriAN0Uw==",
      "requires": {
        "lodash.clonedeep": "^4.5.0",
        "lodash.isplainobject": "^4.0.6"
      }
    },
    "axios": {
      "version": "0.19.0",
      "resolved": "https://npm.gamedb.xyz/axios/-/axios-0.19.0.tgz",
      "integrity": "sha512-1uvKqKQta3KBxIz14F2v06AEHZ/dIoeKfbTRkK1E5oqjDnuEerLmYTgJB5AiQZHJcljpg1TuRzdjDR06qNk0DQ==",
      "requires": {
        "follow-redirects": "1.5.10",
        "is-buffer": "^2.0.2"
      }
    },
    "check-types-mini": {
      "version": "5.7.34",
      "resolved": "https://npm.gamedb.xyz/check-types-mini/-/check-types-mini-5.7.34.tgz",
      "integrity": "sha512-P8fBVbXBgaBgFhBRXHcEUPxY14ON24qmC9qqK1mjvOFHhChagCU8ZyR4cV+aAJpyst5W1S1q8ewZrIZ+4/vHuw==",
      "requires": {
        "arrayiffy-if-string": "^3.11.10",
        "ast-monkey-traverse": "^1.11.33",
        "lodash.intersection": "^4.4.0",
        "lodash.pullall": "^4.2.0",
        "matcher": "^2.0.0",
        "object-path": "^0.11.4",
        "ordinal": "^1.0.3",
        "type-detect": "^4.0.8"
      }
    },
    "debug": {
      "version": "3.1.0",
      "resolved": "https://npm.gamedb.xyz/debug/-/debug-3.1.0.tgz",
      "integrity": "sha512-OX8XqP7/1a9cqkxYw2yXss15f26NKWBpDXQd0/uK/KPqdQhxbPa994hnzjcE2VqQpDslf55723cKPUOGSmMY3g==",
      "requires": {
        "ms": "2.0.0"
      }
    },
    "ent": {
      "version": "2.2.0",
      "resolved": "https://npm.gamedb.xyz/ent/-/ent-2.2.0.tgz",
      "integrity": "sha1-6WQhkyWiHQX0RGai9obtbOX13R0="
    },
    "escape-string-regexp": {
      "version": "2.0.0",
      "resolved": "https://npm.gamedb.xyz/escape-string-regexp/-/escape-string-regexp-2.0.0.tgz",
      "integrity": "sha512-UpzcLCXolUWcNu5HtVMHYdXJjArjsF9C0aNnquZYY4uW/Vu0miy5YoWvbV345HauVvcAUnpRuhMMcqTcGOY2+w=="
    },
    "follow-redirects": {
      "version": "1.5.10",
      "resolved": "https://npm.gamedb.xyz/follow-redirects/-/follow-redirects-1.5.10.tgz",
      "integrity": "sha512-0V5l4Cizzvqt5D44aTXbFZz+FtyXV1vrDN6qrelxtfYQKW0KO0W2T/hkE8xvGa/540LkZlkaUjO4ailYTFtHVQ==",
      "requires": {
        "debug": "=3.1.0"
      }
    },
    "is-buffer": {
      "version": "2.0.3",
      "resolved": "https://npm.gamedb.xyz/is-buffer/-/is-buffer-2.0.3.tgz",
      "integrity": "sha512-U15Q7MXTuZlrbymiz95PJpZxu8IlipAp4dtS3wOdgPXx3mqBnslrWU14kxfHB+Py/+2PVKSr37dMAgM2A4uArw=="
    },
    "is-natural-number": {
      "version": "4.0.1",
      "resolved": "https://npm.gamedb.xyz/is-natural-number/-/is-natural-number-4.0.1.tgz",
      "integrity": "sha1-q5124dtM7VHjXeDHLr7PCfc0zeg="
    },
    "is-natural-number-string": {
      "version": "1.0.1",
      "resolved": "https://npm.gamedb.xyz/is-natural-number-string/-/is-natural-number-string-1.0.1.tgz",
      "integrity": "sha1-0OvxwBH64tOwc02MgBFuJRKkoug="
    },
    "lodash.clonedeep": {
      "version": "4.5.0",
      "resolved": "https://npm.gamedb.xyz/lodash.clonedeep/-/lodash.clonedeep-4.5.0.tgz",
      "integrity": "sha1-4j8/nE+Pvd6HJSnBBxhXoIblzO8="
    },
    "lodash.intersection": {
      "version": "4.4.0",
      "resolved": "https://npm.gamedb.xyz/lodash.intersection/-/lodash.intersection-4.4.0.tgz",
      "integrity": "sha1-ChG6Yx0OlcI8fy9Mu5ppLtF45wU="
    },
    "lodash.isplainobject": {
      "version": "4.0.6",
      "resolved": "https://npm.gamedb.xyz/lodash.isplainobject/-/lodash.isplainobject-4.0.6.tgz",
      "integrity": "sha1-fFJqUtibRcRcxpC4gWO+BJf1UMs="
    },
    "lodash.pullall": {
      "version": "4.2.0",
      "resolved": "https://npm.gamedb.xyz/lodash.pullall/-/lodash.pullall-4.2.0.tgz",
      "integrity": "sha1-nZi4UYt8llsPrkCZvZ+334u/OLo="
    },
    "lodash.trim": {
      "version": "4.5.1",
      "resolved": "https://npm.gamedb.xyz/lodash.trim/-/lodash.trim-4.5.1.tgz",
      "integrity": "sha1-NkJefukL5KpeJ7zruFt9EepHqlc="
    },
    "lodash.without": {
      "version": "4.4.0",
      "resolved": "https://npm.gamedb.xyz/lodash.without/-/lodash.without-4.4.0.tgz",
      "integrity": "sha1-PNRXSgC2e643OpS3SHcmQFB7eqw="
    },
    "matcher": {
      "version": "2.0.0",
      "resolved": "https://npm.gamedb.xyz/matcher/-/matcher-2.0.0.tgz",
      "integrity": "sha512-nlmfSlgHBFx36j/Pl/KQPbIaqE8Zf0TqmSMjsuddHDg6PMSVgmyW9HpkLs0o0M1n2GIZ/S2BZBLIww/xjhiGng==",
      "requires": {
        "escape-string-regexp": "^2.0.0"
      }
    },
    "ms": {
      "version": "2.0.0",
      "resolved": "https://npm.gamedb.xyz/ms/-/ms-2.0.0.tgz",
      "integrity": "sha1-VgiurfwAvmwpAd9fmGF4jeDVl8g="
    },
    "object-path": {
      "version": "0.11.4",
      "resolved": "https://npm.gamedb.xyz/object-path/-/object-path-0.11.4.tgz",
      "integrity": "sha1-NwrnUvvzfePqcKhhwju6iRVpGUk="
    },
    "ordinal": {
      "version": "1.0.3",
      "resolved": "https://npm.gamedb.xyz/ordinal/-/ordinal-1.0.3.tgz",
      "integrity": "sha512-cMddMgb2QElm8G7vdaa02jhUNbTSrhsgAGUz1OokD83uJTwSUn+nKoNoKVVaRa08yF6sgfO7Maou1+bgLd9rdQ=="
    },
    "ordinal-number-suffix": {
      "version": "0.1.2",
      "resolved": "https://npm.gamedb.xyz/ordinal-number-suffix/-/ordinal-number-suffix-0.1.2.tgz",
      "integrity": "sha512-Pe8iFV6R5GYxATa6FqPWr904CuD6El2o1pAja5fnEKJgofKgx5iFjImhWzND2naTtBGMyJTcIh3+FpuyFKGqiw=="
    },
    "ranges-apply": {
      "version": "3.0.28",
      "resolved": "https://npm.gamedb.xyz/ranges-apply/-/ranges-apply-3.0.28.tgz",
      "integrity": "sha512-FVvHG59tE6HqYRVxON1mY8MyP7IDbRMe3TDK1k+U3n73ZSVhx2c6a2aucOJ7YAw2fyRdgUcHw1/+KVYnpK28HA==",
      "requires": {
        "is-natural-number": "^4.0.1",
        "is-natural-number-string": "^1.0.1",
        "ordinal-number-suffix": "^0.1.2",
        "ranges-merge": "^4.2.15"
      }
    },
    "ranges-merge": {
      "version": "4.2.15",
      "resolved": "https://npm.gamedb.xyz/ranges-merge/-/ranges-merge-4.2.15.tgz",
      "integrity": "sha512-7li1sDvnU0qL6mhN4+2kvMO+FwuICofQHxeB5eQmXh+tce9JUn6iqUXX9XyX1+oiNoQwKXcfXOSXQ2EJhAVjhw==",
      "requires": {
        "lodash.clonedeep": "^4.5.0",
        "lodash.isplainobject": "^4.0.6",
        "ranges-sort": "^3.10.35"
      }
    },
    "ranges-push": {
      "version": "3.3.1",
      "resolved": "https://npm.gamedb.xyz/ranges-push/-/ranges-push-3.3.1.tgz",
      "integrity": "sha512-2iq/eW4bH9++Q8TaPqpl5LNjlAa7KgZTEimlV89jiirSjzbiLexwTBoLmP4i5yL6MlohYk0KjHKMZpEOLAuu0g==",
      "requires": {
        "is-natural-number": "^4.0.1",
        "is-natural-number-string": "^1.0.1",
        "lodash.clonedeep": "^4.5.0",
        "ordinal-number-suffix": "^0.1.2",
        "ranges-merge": "^4.2.15",
        "string-collapse-leading-whitespace": "^1.12.37"
      }
    },
    "ranges-sort": {
      "version": "3.10.35",
      "resolved": "https://npm.gamedb.xyz/ranges-sort/-/ranges-sort-3.10.35.tgz",
      "integrity": "sha512-zq5DgldI+wylIQibSRc67Roi4KGLnXCPOyw6oXOWHbtjW8n+Sr3RtQNL65raCJix5z2uJrP9d28mUPPItsSvyw==",
      "requires": {
        "check-types-mini": "^5.7.33",
        "is-natural-number": "^4.0.1",
        "ordinal-number-suffix": "^0.1.2"
      }
    },
    "string-collapse-leading-whitespace": {
      "version": "1.12.37",
      "resolved": "https://npm.gamedb.xyz/string-collapse-leading-whitespace/-/string-collapse-leading-whitespace-1.12.37.tgz",
      "integrity": "sha512-q7tUS9Of3GuhXA561uudyOSMrXCVQdsNqSHONpip2kPweFtvFg2xkQcI57yXUiOZHFAC5ACdQjj0XmtetPJBKA=="
    },
    "string-strip-html": {
      "version": "4.0.29",
      "resolved": "https://npm.gamedb.xyz/string-strip-html/-/string-strip-html-4.0.29.tgz",
      "integrity": "sha512-u25889zmsawfSzTQz+0E0hIdi2hsVhgO9mGYozTWyKKHAX7DGSXNIdQsG2twJG0GR4SdqzBFrsvMz0Gvu2couw==",
      "requires": {
        "check-types-mini": "^5.7.34",
        "ent": "^2.2.0",
        "lodash.isplainobject": "^4.0.6",
        "lodash.trim": "^4.5.1",
        "lodash.without": "^4.4.0",
        "ranges-apply": "^3.0.28",
        "ranges-push": "^3.3.1"
      }
    },
    "type-detect": {
      "version": "4.0.8",
      "resolved": "https://npm.gamedb.xyz/type-detect/-/type-detect-4.0.8.tgz",
      "integrity": "sha512-0fr/mIH1dlO+x7TlcMy+bIDqKPsw/70tVyeHW787goQjhmqaZe10uwLujubK9q9Lg6Fiho1KUKDYz0Z7k7g5/g=="
    }
  }
}
